// !$*UTF8*$!
{
	archiveVersion = 1;
	classes = {
	};
	objectVersion = 46;
	objects = {

/* Begin PBXBuildFile section */
		71310F8C1F89025700055904 /* testjson.json in Resources */ = {isa = PBXBuildFile; fileRef = 71310F8B1F89025700055904 /* testjson.json */; };
		71310F8D1F89028900055904 /* testjson.json in Resources */ = {isa = PBXBuildFile; fileRef = 71310F8B1F89025700055904 /* testjson.json */; };
		71310F921F8A289100055904 /* WeatherCell.swift in Sources */ = {isa = PBXBuildFile; fileRef = 71310F911F8A289100055904 /* WeatherCell.swift */; };
		71310F951F8A3C2B00055904 /* WeatherListViewModel.swift in Sources */ = {isa = PBXBuildFile; fileRef = 71310F941F8A3C2B00055904 /* WeatherListViewModel.swift */; };
		71310F971F8A3F6600055904 /* Extensions.swift in Sources */ = {isa = PBXBuildFile; fileRef = 71310F961F8A3F6600055904 /* Extensions.swift */; };
		716807BA1F88F1CA0020B358 /* AppDelegate.swift in Sources */ = {isa = PBXBuildFile; fileRef = 716807B91F88F1CA0020B358 /* AppDelegate.swift */; };
		716807BC1F88F1CA0020B358 /* WeatherListViewController.swift in Sources */ = {isa = PBXBuildFile; fileRef = 716807BB1F88F1CA0020B358 /* WeatherListViewController.swift */; };
		716807BE1F88F1CA0020B358 /* DetailViewController.swift in Sources */ = {isa = PBXBuildFile; fileRef = 716807BD1F88F1CA0020B358 /* DetailViewController.swift */; };
		716807C11F88F1CA0020B358 /* Main.storyboard in Resources */ = {isa = PBXBuildFile; fileRef = 716807BF1F88F1CA0020B358 /* Main.storyboard */; };
		716807C31F88F1CA0020B358 /* Assets.xcassets in Resources */ = {isa = PBXBuildFile; fileRef = 716807C21F88F1CA0020B358 /* Assets.xcassets */; };
		716807C61F88F1CA0020B358 /* LaunchScreen.storyboard in Resources */ = {isa = PBXBuildFile; fileRef = 716807C41F88F1CA0020B358 /* LaunchScreen.storyboard */; };
		716807D11F88F1CA0020B358 /* WeatherAPPTests.swift in Sources */ = {isa = PBXBuildFile; fileRef = 716807D01F88F1CA0020B358 /* WeatherAPPTests.swift */; };
		716807DD1F88F6B40020B358 /* DataModel.swift in Sources */ = {isa = PBXBuildFile; fileRef = 716807DC1F88F6B40020B358 /* DataModel.swift */; };
		716807DF1F88FC0C0020B358 /* APIClient.swift in Sources */ = {isa = PBXBuildFile; fileRef = 716807DE1F88FC0C0020B358 /* APIClient.swift */; };
		716807E31F88FF3C0020B358 /* MockSession.swift in Sources */ = {isa = PBXBuildFile; fileRef = 716807E21F88FF3C0020B358 /* MockSession.swift */; };
/* End PBXBuildFile section */

/* Begin PBXContainerItemProxy section */
		716807CD1F88F1CA0020B358 /* PBXContainerItemProxy */ = {
			isa = PBXContainerItemProxy;
			containerPortal = 716807AE1F88F1CA0020B358 /* Project object */;
			proxyType = 1;
			remoteGlobalIDString = 716807B51F88F1CA0020B358;
			remoteInfo = WeatherAPP;
		};
/* End PBXContainerItemProxy section */

/* Begin PBXFileReference section */
		71310F8B1F89025700055904 /* testjson.json */ = {isa = PBXFileReference; fileEncoding = 4; lastKnownFileType = text.json; path = testjson.json; sourceTree = "<group>"; };
		71310F911F8A289100055904 /* WeatherCell.swift */ = {isa = PBXFileReference; fileEncoding = 4; lastKnownFileType = sourcecode.swift; name = WeatherCell.swift; path = view/WeatherCell.swift; sourceTree = "<group>"; };
		71310F941F8A3C2B00055904 /* WeatherListViewModel.swift */ = {isa = PBXFileReference; fileEncoding = 4; lastKnownFileType = sourcecode.swift; name = WeatherListViewModel.swift; path = viewModel/WeatherListViewModel.swift; sourceTree = "<group>"; };
		71310F961F8A3F6600055904 /* Extensions.swift */ = {isa = PBXFileReference; fileEncoding = 4; lastKnownFileType = sourcecode.swift; path = Extensions.swift; sourceTree = "<group>"; };
		716807B61F88F1CA0020B358 /* WeatherAPP.app */ = {isa = PBXFileReference; explicitFileType = wrapper.application; includeInIndex = 0; path = WeatherAPP.app; sourceTree = BUILT_PRODUCTS_DIR; };
		716807B91F88F1CA0020B358 /* AppDelegate.swift */ = {isa = PBXFileReference; lastKnownFileType = sourcecode.swift; path = AppDelegate.swift; sourceTree = "<group>"; };
		716807BB1F88F1CA0020B358 /* WeatherListViewController.swift */ = {isa = PBXFileReference; lastKnownFileType = sourcecode.swift; path = WeatherListViewController.swift; sourceTree = "<group>"; };
		716807BD1F88F1CA0020B358 /* DetailViewController.swift */ = {isa = PBXFileReference; lastKnownFileType = sourcecode.swift; path = DetailViewController.swift; sourceTree = "<group>"; };
		716807C01F88F1CA0020B358 /* Base */ = {isa = PBXFileReference; lastKnownFileType = file.storyboard; name = Base; path = Base.lproj/Main.storyboard; sourceTree = "<group>"; };
		716807C21F88F1CA0020B358 /* Assets.xcassets */ = {isa = PBXFileReference; lastKnownFileType = folder.assetcatalog; path = Assets.xcassets; sourceTree = "<group>"; };
		716807C51F88F1CA0020B358 /* Base */ = {isa = PBXFileReference; lastKnownFileType = file.storyboard; name = Base; path = Base.lproj/LaunchScreen.storyboard; sourceTree = "<group>"; };
		716807C71F88F1CA0020B358 /* Info.plist */ = {isa = PBXFileReference; lastKnownFileType = text.plist.xml; path = Info.plist; sourceTree = "<group>"; };
		716807CC1F88F1CA0020B358 /* WeatherAPPTests.xctest */ = {isa = PBXFileReference; explicitFileType = wrapper.cfbundle; includeInIndex = 0; path = WeatherAPPTests.xctest; sourceTree = BUILT_PRODUCTS_DIR; };
		716807D01F88F1CA0020B358 /* WeatherAPPTests.swift */ = {isa = PBXFileReference; lastKnownFileType = sourcecode.swift; path = WeatherAPPTests.swift; sourceTree = "<group>"; };
		716807D21F88F1CA0020B358 /* Info.plist */ = {isa = PBXFileReference; lastKnownFileType = text.plist.xml; path = Info.plist; sourceTree = "<group>"; };
		716807DC1F88F6B40020B358 /* DataModel.swift */ = {isa = PBXFileReference; fileEncoding = 4; lastKnownFileType = sourcecode.swift; name = DataModel.swift; path = service/DataModel.swift; sourceTree = "<group>"; };
		716807DE1F88FC0C0020B358 /* APIClient.swift */ = {isa = PBXFileReference; fileEncoding = 4; lastKnownFileType = sourcecode.swift; name = APIClient.swift; path = service/APIClient.swift; sourceTree = "<group>"; };
		716807E21F88FF3C0020B358 /* MockSession.swift */ = {isa = PBXFileReference; fileEncoding = 4; lastKnownFileType = sourcecode.swift; path = MockSession.swift; sourceTree = "<group>"; };
/* End PBXFileReference section */

/* Begin PBXFrameworksBuildPhase section */
		716807B31F88F1CA0020B358 /* Frameworks */ = {
			isa = PBXFrameworksBuildPhase;
			buildActionMask = 2147483647;
			files = (
			);
			runOnlyForDeploymentPostprocessing = 0;
		};
		716807C91F88F1CA0020B358 /* Frameworks */ = {
			isa = PBXFrameworksBuildPhase;
			buildActionMask = 2147483647;
			files = (
			);
			runOnlyForDeploymentPostprocessing = 0;
		};
/* End PBXFrameworksBuildPhase section */

/* Begin PBXGroup section */
		71310F8E1F8A260300055904 /* view */ = {
			isa = PBXGroup;
			children = (
				71310F911F8A289100055904 /* WeatherCell.swift */,
			);
			name = view;
			sourceTree = "<group>";
		};
		71310F931F8A3BF800055904 /* viewModel */ = {
			isa = PBXGroup;
			children = (
				71310F941F8A3C2B00055904 /* WeatherListViewModel.swift */,
			);
			name = viewModel;
			sourceTree = "<group>";
		};
		716807AD1F88F1CA0020B358 = {
			isa = PBXGroup;
			children = (
				716807B81F88F1CA0020B358 /* WeatherAPP */,
				716807CF1F88F1CA0020B358 /* WeatherAPPTests */,
				716807B71F88F1CA0020B358 /* Products */,
			);
			sourceTree = "<group>";
		};
		716807B71F88F1CA0020B358 /* Products */ = {
			isa = PBXGroup;
			children = (
				716807B61F88F1CA0020B358 /* WeatherAPP.app */,
				716807CC1F88F1CA0020B358 /* WeatherAPPTests.xctest */,
			);
			name = Products;
			sourceTree = "<group>";
		};
		716807B81F88F1CA0020B358 /* WeatherAPP */ = {
			isa = PBXGroup;
			children = (
				71310F931F8A3BF800055904 /* viewModel */,
				71310F8E1F8A260300055904 /* view */,
				716807DB1F88F5290020B358 /* service */,
				716807B91F88F1CA0020B358 /* AppDelegate.swift */,
				716807BB1F88F1CA0020B358 /* WeatherListViewController.swift */,
				716807BD1F88F1CA0020B358 /* DetailViewController.swift */,
				716807BF1F88F1CA0020B358 /* Main.storyboard */,
				716807C21F88F1CA0020B358 /* Assets.xcassets */,
				716807C41F88F1CA0020B358 /* LaunchScreen.storyboard */,
				716807C71F88F1CA0020B358 /* Info.plist */,
				71310F961F8A3F6600055904 /* Extensions.swift */,
			);
			path = WeatherAPP;
			sourceTree = "<group>";
		};
		716807CF1F88F1CA0020B358 /* WeatherAPPTests */ = {
			isa = PBXGroup;
			children = (
				71310F8B1F89025700055904 /* testjson.json */,
				716807D01F88F1CA0020B358 /* WeatherAPPTests.swift */,
				716807D21F88F1CA0020B358 /* Info.plist */,
				716807E21F88FF3C0020B358 /* MockSession.swift */,
			);
			path = WeatherAPPTests;
			sourceTree = "<group>";
		};
		716807DB1F88F5290020B358 /* service */ = {
			isa = PBXGroup;
			children = (
				716807DC1F88F6B40020B358 /* DataModel.swift */,
				716807DE1F88FC0C0020B358 /* APIClient.swift */,
			);
			name = service;
			sourceTree = "<group>";
		};
/* End PBXGroup section */

/* Begin PBXNativeTarget section */
		716807B51F88F1CA0020B358 /* WeatherAPP */ = {
			isa = PBXNativeTarget;
			buildConfigurationList = 716807D51F88F1CA0020B358 /* Build configuration list for PBXNativeTarget "WeatherAPP" */;
			buildPhases = (
				716807B21F88F1CA0020B358 /* Sources */,
				716807B31F88F1CA0020B358 /* Frameworks */,
				716807B41F88F1CA0020B358 /* Resources */,
			);
			buildRules = (
			);
			dependencies = (
			);
			name = WeatherAPP;
			productName = WeatherAPP;
			productReference = 716807B61F88F1CA0020B358 /* WeatherAPP.app */;
			productType = "com.apple.product-type.application";
		};
		716807CB1F88F1CA0020B358 /* WeatherAPPTests */ = {
			isa = PBXNativeTarget;
			buildConfigurationList = 716807D81F88F1CA0020B358 /* Build configuration list for PBXNativeTarget "WeatherAPPTests" */;
			buildPhases = (
				716807C81F88F1CA0020B358 /* Sources */,
				716807C91F88F1CA0020B358 /* Frameworks */,
				716807CA1F88F1CA0020B358 /* Resources */,
			);
			buildRules = (
			);
			dependencies = (
				716807CE1F88F1CA0020B358 /* PBXTargetDependency */,
			);
			name = WeatherAPPTests;
			productName = WeatherAPPTests;
			productReference = 716807CC1F88F1CA0020B358 /* WeatherAPPTests.xctest */;
			productType = "com.apple.product-type.bundle.unit-test";
		};
/* End PBXNativeTarget section */

/* Begin PBXProject section */
		716807AE1F88F1CA0020B358 /* Project object */ = {
			isa = PBXProject;
			attributes = {
				LastSwiftUpdateCheck = 0830;
				LastUpgradeCheck = 0830;
				ORGANIZATIONNAME = rui;
				TargetAttributes = {
					716807B51F88F1CA0020B358 = {
						CreatedOnToolsVersion = 8.3.3;
						ProvisioningStyle = Automatic;
					};
					716807CB1F88F1CA0020B358 = {
						CreatedOnToolsVersion = 8.3.3;
						ProvisioningStyle = Automatic;
						TestTargetID = 716807B51F88F1CA0020B358;
					};
				};
			};
			buildConfigurationList = 716807B11F88F1CA0020B358 /* Build configuration list for PBXProject "WeatherAPP" */;
			compatibilityVersion = "Xcode 3.2";
			developmentRegion = English;
			hasScannedForEncodings = 0;
			knownRegions = (
				en,
				Base,
			);
			mainGroup = 716807AD1F88F1CA0020B358;
			productRefGroup = 716807B71F88F1CA0020B358 /* Products */;
			projectDirPath = "";
			projectRoot = "";
			targets = (
				716807B51F88F1CA0020B358 /* WeatherAPP */,
				716807CB1F88F1CA0020B358 /* WeatherAPPTests */,
			);
		};
/* End PBXProject section */

/* Begin PBXResourcesBuildPhase section */
		716807B41F88F1CA0020B358 /* Resources */ = {
			isa = PBXResourcesBuildPhase;
			buildActionMask = 2147483647;
			files = (
				716807C61F88F1CA0020B358 /* LaunchScreen.storyboard in Resources */,
				716807C31F88F1CA0020B358 /* Assets.xcassets in Resources */,
				716807C11F88F1CA0020B358 /* Main.storyboard in Resources */,
				71310F8D1F89028900055904 /* testjson.json in Resources */,
			);
			runOnlyForDeploymentPostprocessing = 0;
		};
		716807CA1F88F1CA0020B358 /* Resources */ = {
			isa = PBXResourcesBuildPhase;
			buildActionMask = 2147483647;
			files = (
				71310F8C1F89025700055904 /* testjson.json in Resources */,
			);
			runOnlyForDeploymentPostprocessing = 0;
		};
/* End PBXResourcesBuildPhase section */

/* Begin PBXSourcesBuildPhase section */
		716807B21F88F1CA0020B358 /* Sources */ = {
			isa = PBXSourcesBuildPhase;
			buildActionMask = 2147483647;
			files = (
				716807BE1F88F1CA0020B358 /* DetailViewController.swift in Sources */,
				716807DD1F88F6B40020B358 /* DataModel.swift in Sources */,
				716807BC1F88F1CA0020B358 /* WeatherListViewController.swift in Sources */,
				71310F971F8A3F6600055904 /* Extensions.swift in Sources */,
				71310F951F8A3C2B00055904 /* WeatherListViewModel.swift in Sources */,
				716807DF1F88FC0C0020B358 /* APIClient.swift in Sources */,
				716807BA1F88F1CA0020B358 /* AppDelegate.swift in Sources */,
				71310F921F8A289100055904 /* WeatherCell.swift in Sources */,
			);
			runOnlyForDeploymentPostprocessing = 0;
		};
		716807C81F88F1CA0020B358 /* Sources */ = {
			isa = PBXSourcesBuildPhase;
			buildActionMask = 2147483647;
			files = (
				716807E31F88FF3C0020B358 /* MockSession.swift in Sources */,
				716807D11F88F1CA0020B358 /* WeatherAPPTests.swift in Sources */,
			);
			runOnlyForDeploymentPostprocessing = 0;
		};
/* End PBXSourcesBuildPhase section */

/* Begin PBXTargetDependency section */
		716807CE1F88F1CA0020B358 /* PBXTargetDependency */ = {
			isa = PBXTargetDependency;
			target = 716807B51F88F1CA0020B358 /* WeatherAPP */;
			targetProxy = 716807CD1F88F1CA0020B358 /* PBXContainerItemProxy */;
		};
/* End PBXTargetDependency section */

/* Begin PBXVariantGroup section */
		716807BF1F88F1CA0020B358 /* Main.storyboard */ = {
			isa = PBXVariantGroup;
			children = (
				716807C01F88F1CA0020B358 /* Base */,
			);
			name = Main.storyboard;
			sourceTree = "<group>";
		};
		716807C41F88F1CA0020B358 /* LaunchScreen.storyboard */ = {
			isa = PBXVariantGroup;
			children = (
				716807C51F88F1CA0020B358 /* Base */,
			);
			name = LaunchScreen.storyboard;
			sourceTree = "<group>";
		};
/* End PBXVariantGroup section */

/* Begin XCBuildConfiguration section */
		716807D31F88F1CA0020B358 /* Debug */ = {
			isa = XCBuildConfiguration;
			buildSettings = {
				ALWAYS_SEARCH_USER_PATHS = NO;
				CLANG_ANALYZER_NONNULL = YES;
				CLANG_ANALYZER_NUMBER_OBJECT_CONVERSION = YES_AGGRESSIVE;
				CLANG_CXX_LANGUAGE_STANDARD = "gnu++0x";
				CLANG_CXX_LIBRARY = "libc++";
				CLANG_ENABLE_MODULES = YES;
				CLANG_ENABLE_OBJC_ARC = YES;
				CLANG_WARN_BOOL_CONVERSION = YES;
				CLANG_WARN_CONSTANT_CONVERSION = YES;
				CLANG_WARN_DIRECT_OBJC_ISA_USAGE = YES_ERROR;
				CLANG_WARN_DOCUMENTATION_COMMENTS = YES;
				CLANG_WARN_EMPTY_BODY = YES;
				CLANG_WARN_ENUM_CONVERSION = YES;
				CLANG_WARN_INFINITE_RECURSION = YES;
				CLANG_WARN_INT_CONVERSION = YES;
				CLANG_WARN_OBJC_ROOT_CLASS = YES_ERROR;
				CLANG_WARN_SUSPICIOUS_MOVE = YES;
				CLANG_WARN_UNREACHABLE_CODE = YES;
				CLANG_WARN__DUPLICATE_METHOD_MATCH = YES;
				"CODE_SIGN_IDENTITY[sdk=iphoneos*]" = "iPhone Developer";
				COPY_PHASE_STRIP = NO;
				DEBUG_INFORMATION_FORMAT = dwarf;
				ENABLE_STRICT_OBJC_MSGSEND = YES;
				ENABLE_TESTABILITY = YES;
				GCC_C_LANGUAGE_STANDARD = gnu99;
				GCC_DYNAMIC_NO_PIC = NO;
				GCC_NO_COMMON_BLOCKS = YES;
				GCC_OPTIMIZATION_LEVEL = 0;
				GCC_PREPROCESSOR_DEFINITIONS = (
					"DEBUG=1",
					"$(inherited)",
				);
				GCC_WARN_64_TO_32_BIT_CONVERSION = YES;
				GCC_WARN_ABOUT_RETURN_TYPE = YES_ERROR;
				GCC_WARN_UNDECLARED_SELECTOR = YES;
				GCC_WARN_UNINITIALIZED_AUTOS = YES_AGGRESSIVE;
				GCC_WARN_UNUSED_FUNCTION = YES;
				GCC_WARN_UNUSED_VARIABLE = YES;
				IPHONEOS_DEPLOYMENT_TARGET = 10.3;
				MTL_ENABLE_DEBUG_INFO = YES;
				ONLY_ACTIVE_ARCH = YES;
				SDKROOT = iphoneos;
				SWIFT_ACTIVE_COMPILATION_CONDITIONS = DEBUG;
				SWIFT_OPTIMIZATION_LEVEL = "-Onone";
			};
			name = Debug;
		};
		716807D41F88F1CA0020B358 /* Release */ = {
			isa = XCBuildConfiguration;
			buildSettings = {
				ALWAYS_SEARCH_USER_PATHS = NO;
				CLANG_ANALYZER_NONNULL = YES;
				CLANG_ANALYZER_NUMBER_OBJECT_CONVERSION = YES_AGGRESSIVE;
				CLANG_CXX_LANGUAGE_STANDARD = "gnu++0x";
				CLANG_CXX_LIBRARY = "libc++";
				CLANG_ENABLE_MODULES = YES;
				CLANG_ENABLE_OBJC_ARC = YES;
				CLANG_WARN_BOOL_CONVERSION = YES;
				CLANG_WARN_CONSTANT_CONVERSION = YES;
				CLANG_WARN_DIRECT_OBJC_ISA_USAGE = YES_ERROR;
				CLANG_WARN_DOCUMENTATION_COMMENTS = YES;
				CLANG_WARN_EMPTY_BODY = YES;
				CLANG_WARN_ENUM_CONVERSION = YES;
				CLANG_WARN_INFINITE_RECURSION = YES;
				CLANG_WARN_INT_CONVERSION = YES;
				CLANG_WARN_OBJC_ROOT_CLASS = YES_ERROR;
				CLANG_WARN_SUSPICIOUS_MOVE = YES;
				CLANG_WARN_UNREACHABLE_CODE = YES;
				CLANG_WARN__DUPLICATE_METHOD_MATCH = YES;
				"CODE_SIGN_IDENTITY[sdk=iphoneos*]" = "iPhone Developer";
				COPY_PHASE_STRIP = NO;
				DEBUG_INFORMATION_FORMAT = "dwarf-with-dsym";
				ENABLE_NS_ASSERTIONS = NO;
				ENABLE_STRICT_OBJC_MSGSEND = YES;
				GCC_C_LANGUAGE_STANDARD = gnu99;
				GCC_NO_COMMON_BLOCKS = YES;
				GCC_WARN_64_TO_32_BIT_CONVERSION = YES;
				GCC_WARN_ABOUT_RETURN_TYPE = YES_ERROR;
				GCC_WARN_UNDECLARED_SELECTOR = YES;
				GCC_WARN_UNINITIALIZED_AUTOS = YES_AGGRESSIVE;
				GCC_WARN_UNUSED_FUNCTION = YES;
				GCC_WARN_UNUSED_VARIABLE = YES;
				IPHONEOS_DEPLOYMENT_TARGET = 10.3;
				MTL_ENABLE_DEBUG_INFO = NO;
				SDKROOT = iphoneos;
				SWIFT_OPTIMIZATION_LEVEL = "-Owholemodule";
				VALIDATE_PRODUCT = YES;
			};
			name = Release;
		};
		716807D61F88F1CA0020B358 /* Debug */ = {
			isa = XCBuildConfiguration;
			buildSettings = {
				ASSETCATALOG_COMPILER_APPICON_NAME = AppIcon;
				INFOPLIST_FILE = WeatherAPP/Info.plist;
				LD_RUNPATH_SEARCH_PATHS = "$(inherited) @executable_path/Frameworks";
				PRODUCT_BUNDLE_IDENTIFIER = au.com.ruijia.WeatherAPP;
				PRODUCT_NAME = "$(TARGET_NAME)";
				SWIFT_VERSION = 3.0;
				TARGETED_DEVICE_FAMILY = 1;
			};
			name = Debug;
		};
		716807D71F88F1CA0020B358 /* Release */ = {
			isa = XCBuildConfiguration;
			buildSettings = {
				ASSETCATALOG_COMPILER_APPICON_NAME = AppIcon;
				INFOPLIST_FILE = WeatherAPP/Info.plist;
				LD_RUNPATH_SEARCH_PATHS = "$(inherited) @executable_path/Frameworks";
				PRODUCT_BUNDLE_IDENTIFIER = au.com.ruijia.WeatherAPP;
				PRODUCT_NAME = "$(TARGET_NAME)";
				SWIFT_VERSION = 3.0;
				TARGETED_DEVICE_FAMILY = 1;
			};
			name = Release;
		};
		716807D91F88F1CA0020B358 /* Debug */ = {
			isa = XCBuildConfiguration;
			buildSettings = {
				ALWAYS_EMBED_SWIFT_STANDARD_LIBRARIES = YES;
				BUNDLE_LOADER = "$(TEST_HOST)";
				INFOPLIST_FILE = WeatherAPPTests/Info.plist;
				LD_RUNPATH_SEARCH_PATHS = "$(inherited) @executable_path/Frameworks @loader_path/Frameworks";
				PRODUCT_BUNDLE_IDENTIFIER = au.com.ruijia.WeatherAPPTests;
				PRODUCT_NAME = "$(TARGET_NAME)";
				SWIFT_VERSION = 3.0;
				TEST_HOST = "$(BUILT_PRODUCTS_DIR)/WeatherAPP.app/WeatherAPP";
			};
			name = Debug;
		};
		716807DA1F88F1CA0020B358 /* Release */ = {
			isa = XCBuildConfiguration;
			buildSettings = {
				ALWAYS_EMBED_SWIFT_STANDARD_LIBRARIES = YES;
				BUNDLE_LOADER = "$(TEST_HOST)";
				INFOPLIST_FILE = WeatherAPPTests/Info.plist;
				LD_RUNPATH_SEARCH_PATHS = "$(inherited) @executable_path/Frameworks @loader_path/Frameworks";
				PRODUCT_BUNDLE_IDENTIFIER = au.com.ruijia.WeatherAPPTests;
				PRODUCT_NAME = "$(TARGET_NAME)";
				SWIFT_VERSION = 3.0;
				TEST_HOST = "$(BUILT_PRODUCTS_DIR)/WeatherAPP.app/WeatherAPP";
			};
			name = Release;
		};
/* End XCBuildConfiguration section */

/* Begin XCConfigurationList section */
		716807B11F88F1CA0020B358 /* Build configuration list for PBXProject "WeatherAPP" */ = {
			isa = XCConfigurationList;
			buildConfigurations = (
				716807D31F88F1CA0020B358 /* Debug */,
				716807D41F88F1CA0020B358 /* Release */,
			);
			defaultConfigurationIsVisible = 0;
			defaultConfigurationName = Release;
		};
		716807D51F88F1CA0020B358 /* Build configuration list for PBXNativeTarget "WeatherAPP" */ = {
			isa = XCConfigurationList;
			buildConfigurations = (
				716807D61F88F1CA0020B358 /* Debug */,
				716807D71F88F1CA0020B358 /* Release */,
			);
			defaultConfigurationIsVisible = 0;
			defaultConfigurationName = Release;
		};
		716807D81F88F1CA0020B358 /* Build configuration list for PBXNativeTarget "WeatherAPPTests" */ = {
			isa = XCConfigurationList;
			buildConfigurations = (
				716807D91F88F1CA0020B358 /* Debug */,
				716807DA1F88F1CA0020B358 /* Release */,
			);
			defaultConfigurationIsVisible = 0;
			defaultConfigurationName = Release;
		};
/* End XCConfigurationList section */
	};
	rootObject = 716807AE1F88F1CA0020B358 /* Project object */;
}
